
Microsoft Visual Studio Solution File, Format Version 12.00
# Visual Studio Version 17
VisualStudioVersion = 17.10.35027.167
MinimumVisualStudioVersion = 10.0.40219.1
Project("{FAE04EC0-301F-11D3-BF4B-00C04F79EFBC}") = "MathWinner.Tests", "MathWinner.Tests\MathWinner.Tests.csproj", "{010F121F-613A-46CC-A4EE-B71C4CD46094}"
EndProject
Project("{FAE04EC0-301F-11D3-BF4B-00C04F79EFBC}") = "MathWinner.Library", "MathWinner.Library\MathWinner.Library.csproj", "{CAA1371A-FCC8-4393-A12A-5795B44135EF}"
EndProject
Global
	GlobalSection(SolutionConfigurationPlatforms) = preSolution
		Debug|Any CPU = Debug|Any CPU
		Release|Any CPU = Release|Any CPU
	EndGlobalSection
	GlobalSection(ProjectConfigurationPlatforms) = postSolution
		{010F121F-613A-46CC-A4EE-B71C4CD46094}.Debug|Any CPU.ActiveCfg = Debug|Any CPU
		{010F121F-613A-46CC-A4EE-B71C4CD46094}.Debug|Any CPU.Build.0 = Debug|Any CPU
		{010F121F-613A-46CC-A4EE-B71C4CD46094}.Release|Any CPU.ActiveCfg = Release|Any CPU
		{010F121F-613A-46CC-A4EE-B71C4CD46094}.Release|Any CPU.Build.0 = Release|Any CPU
		{CAA1371A-FCC8-4393-A12A-5795B44135EF}.Debug|Any CPU.ActiveCfg = Debug|Any CPU
		{CAA1371A-FCC8-4393-A12A-5795B44135EF}.Debug|Any CPU.Build.0 = Debug|Any CPU
		{CAA1371A-FCC8-4393-A12A-5795B44135EF}.Release|Any CPU.ActiveCfg = Release|Any CPU
		{CAA1371A-FCC8-4393-A12A-5795B44135EF}.Release|Any CPU.Build.0 = Release|Any CPU
	EndGlobalSection
	GlobalSection(SolutionProperties) = preSolution
		HideSolutionNode = FALSE
	EndGlobalSection
	GlobalSection(ExtensibilityGlobals) = postSolution
		SolutionGuid = {BB259A6A-A04B-4A65-A702-579272736BBB}
	EndGlobalSection
EndGlobal
